// !$*UTF8*$!
{
	archiveVersion = 1;
	classes = {
	};
	objectVersion = 46;
	objects = {

/* Begin PBXBuildFile section */
		3E51E9991A9EFD4800B483ED /* AppDelegate.swift in Sources */ = {isa = PBXBuildFile; fileRef = 3E51E9981A9EFD4800B483ED /* AppDelegate.swift */; };
		3E51E99B1A9EFD4800B483ED /* ViewController.swift in Sources */ = {isa = PBXBuildFile; fileRef = 3E51E99A1A9EFD4800B483ED /* ViewController.swift */; };
		3E51E99E1A9EFD4800B483ED /* Main.storyboard in Resources */ = {isa = PBXBuildFile; fileRef = 3E51E99C1A9EFD4800B483ED /* Main.storyboard */; };
		3E51E9A01A9EFD4800B483ED /* Images.xcassets in Resources */ = {isa = PBXBuildFile; fileRef = 3E51E99F1A9EFD4800B483ED /* Images.xcassets */; };
		3E51E9A31A9EFD4800B483ED /* LaunchScreen.xib in Resources */ = {isa = PBXBuildFile; fileRef = 3E51E9A11A9EFD4800B483ED /* LaunchScreen.xib */; };
		3E51E9AF1A9EFD4800B483ED /* DebukoTests.swift in Sources */ = {isa = PBXBuildFile; fileRef = 3E51E9AE1A9EFD4800B483ED /* DebukoTests.swift */; };
		3E51E9D11A9EFDD100B483ED /* ame.png in Resources */ = {isa = PBXBuildFile; fileRef = 3E51E9B91A9EFDD100B483ED /* ame.png */; };
		3E51E9D21A9EFDD100B483ED /* bt1.png in Resources */ = {isa = PBXBuildFile; fileRef = 3E51E9BA1A9EFDD100B483ED /* bt1.png */; };
		3E51E9D31A9EFDD100B483ED /* bt2.png in Resources */ = {isa = PBXBuildFile; fileRef = 3E51E9BB1A9EFDD100B483ED /* bt2.png */; };
		3E51E9D41A9EFDD100B483ED /* bt4.png in Resources */ = {isa = PBXBuildFile; fileRef = 3E51E9BC1A9EFDD100B483ED /* bt4.png */; };
		3E51E9D51A9EFDD100B483ED /* bt5.png in Resources */ = {isa = PBXBuildFile; fileRef = 3E51E9BD1A9EFDD100B483ED /* bt5.png */; };
		3E51E9D61A9EFDD100B483ED /* bt6.png in Resources */ = {isa = PBXBuildFile; fileRef = 3E51E9BE1A9EFDD100B483ED /* bt6.png */; };
		3E51E9D71A9EFDD100B483ED /* cake.png in Resources */ = {isa = PBXBuildFile; fileRef = 3E51E9BF1A9EFDD100B483ED /* cake.png */; };
		3E51E9D81A9EFDD100B483ED /* choko.png in Resources */ = {isa = PBXBuildFile; fileRef = 3E51E9C01A9EFDD100B483ED /* choko.png */; };
		3E51E9D91A9EFDD100B483ED /* COOKIES.png in Resources */ = {isa = PBXBuildFile; fileRef = 3E51E9C11A9EFDD100B483ED /* COOKIES.png */; };
		3E51E9DA1A9EFDD100B483ED /* diet-sozai.png in Resources */ = {isa = PBXBuildFile; fileRef = 3E51E9C21A9EFDD100B483ED /* diet-sozai.png */; };
		3E51E9DB1A9EFDD100B483ED /* fukidashi.png in Resources */ = {isa = PBXBuildFile; fileRef = 3E51E9C31A9EFDD100B483ED /* fukidashi.png */; };
		3E51E9DC1A9EFDD100B483ED /* furape.png in Resources */ = {isa = PBXBuildFile; fileRef = 3E51E9C41A9EFDD100B483ED /* furape.png */; };
		3E51E9DD1A9EFDD100B483ED /* kotatu.png in Resources */ = {isa = PBXBuildFile; fileRef = 3E51E9C51A9EFDD100B483ED /* kotatu.png */; };
		3E51E9DE1A9EFDD100B483ED /* logo.png in Resources */ = {isa = PBXBuildFile; fileRef = 3E51E9C61A9EFDD100B483ED /* logo.png */; };
		3E51E9DF1A9EFDD100B483ED /* moji.me.png in Resources */ = {isa = PBXBuildFile; fileRef = 3E51E9C71A9EFDD100B483ED /* moji.me.png */; };
		3E51E9E01A9EFDD100B483ED /* mojimoji.png in Resources */ = {isa = PBXBuildFile; fileRef = 3E51E9C81A9EFDD100B483ED /* mojimoji.png */; };
		3E51E9E11A9EFDD100B483ED /* mokomoko.png in Resources */ = {isa = PBXBuildFile; fileRef = 3E51E9C91A9EFDD100B483ED /* mokomoko.png */; };
		3E51E9E21A9EFDD100B483ED /* mokuhyou.png in Resources */ = {isa = PBXBuildFile; fileRef = 3E51E9CA1A9EFDD100B483ED /* mokuhyou.png */; };
		3E51E9E31A9EFDD100B483ED /* poteti.png in Resources */ = {isa = PBXBuildFile; fileRef = 3E51E9CB1A9EFDD100B483ED /* poteti.png */; };
		3E51E9E41A9EFDD100B483ED /* prin.ong.png in Resources */ = {isa = PBXBuildFile; fileRef = 3E51E9CC1A9EFDD100B483ED /* prin.ong.png */; };
		3E51E9E51A9EFDD100B483ED /* shintyo.png in Resources */ = {isa = PBXBuildFile; fileRef = 3E51E9CD1A9EFDD100B483ED /* shintyo.png */; };
		3E51E9E61A9EFDD100B483ED /* smiledebuko.png in Resources */ = {isa = PBXBuildFile; fileRef = 3E51E9CE1A9EFDD100B483ED /* smiledebuko.png */; };
		3E51E9E71A9EFDD100B483ED /* start.png in Resources */ = {isa = PBXBuildFile; fileRef = 3E51E9CF1A9EFDD100B483ED /* start.png */; };
		3E51E9E81A9EFDD100B483ED /* taizyuu.png in Resources */ = {isa = PBXBuildFile; fileRef = 3E51E9D01A9EFDD100B483ED /* taizyuu.png */; };
		3E51E9EC1A9EFDDD00B483ED /* tokei in Resources */ = {isa = PBXBuildFile; fileRef = 3E51E9E91A9EFDDD00B483ED /* tokei */; };
		3E51E9ED1A9EFDDD00B483ED /* undo in Resources */ = {isa = PBXBuildFile; fileRef = 3E51E9EA1A9EFDDD00B483ED /* undo */; };
		3E51E9EE1A9EFDDD00B483ED /* yokudekimasshita.png in Resources */ = {isa = PBXBuildFile; fileRef = 3E51E9EB1A9EFDDD00B483ED /* yokudekimasshita.png */; };
		3E51E9F61A9EFDE500B483ED /* bt3.png in Resources */ = {isa = PBXBuildFile; fileRef = 3E51E9EF1A9EFDE500B483ED /* bt3.png */; };
		3E51E9F71A9EFDE500B483ED /* bt7.png in Resources */ = {isa = PBXBuildFile; fileRef = 3E51E9F01A9EFDE500B483ED /* bt7.png */; };
		3E51E9F81A9EFDE500B483ED /* debuko.png in Resources */ = {isa = PBXBuildFile; fileRef = 3E51E9F11A9EFDE500B483ED /* debuko.png */; };
		3E51E9F91A9EFDE500B483ED /* imadebu.png in Resources */ = {isa = PBXBuildFile; fileRef = 3E51E9F21A9EFDE500B483ED /* imadebu.png */; };
		3E51E9FA1A9EFDE500B483ED /* moji.png in Resources */ = {isa = PBXBuildFile; fileRef = 3E51E9F31A9EFDE500B483ED /* moji.png */; };
		3E51E9FB1A9EFDE500B483ED /* okashis.png in Resources */ = {isa = PBXBuildFile; fileRef = 3E51E9F41A9EFDE500B483ED /* okashis.png */; };
		3E51E9FC1A9EFDE500B483ED /* shokisettei.png in Resources */ = {isa = PBXBuildFile; fileRef = 3E51E9F51A9EFDE500B483ED /* shokisettei.png */; };
		3E51E9FF1A9EFE1D00B483ED /* CountViewController.swift in Sources */ = {isa = PBXBuildFile; fileRef = 3E51E9FD1A9EFE1D00B483ED /* CountViewController.swift */; };
		3E51EA001A9EFE1D00B483ED /* NextViewController.swift in Sources */ = {isa = PBXBuildFile; fileRef = 3E51E9FE1A9EFE1D00B483ED /* NextViewController.swift */; };
		3E51EA021AA051F000B483ED /* FirstViewController.swift in Sources */ = {isa = PBXBuildFile; fileRef = 3E51EA011AA051F000B483ED /* FirstViewController.swift */; };
		3E59418B1AA1859500D41FAA /* selectViewController.swift in Sources */ = {isa = PBXBuildFile; fileRef = 3E59418A1AA1859500D41FAA /* selectViewController.swift */; };
		3E59418D1AA18C9300D41FAA /* todayViewController.swift in Sources */ = {isa = PBXBuildFile; fileRef = 3E59418C1AA18C9300D41FAA /* todayViewController.swift */; };
		3E59418F1AA1A17C00D41FAA /* todayViewController2.swift in Sources */ = {isa = PBXBuildFile; fileRef = 3E59418E1AA1A17C00D41FAA /* todayViewController2.swift */; };
/* End PBXBuildFile section */

/* Begin PBXContainerItemProxy section */
		3E51E9A91A9EFD4800B483ED /* PBXContainerItemProxy */ = {
			isa = PBXContainerItemProxy;
			containerPortal = 3E51E98B1A9EFD4800B483ED /* Project object */;
			proxyType = 1;
			remoteGlobalIDString = 3E51E9921A9EFD4800B483ED;
			remoteInfo = Debuko;
		};
/* End PBXContainerItemProxy section */

/* Begin PBXFileReference section */
		3E51E9931A9EFD4800B483ED /* Debuko.app */ = {isa = PBXFileReference; explicitFileType = wrapper.application; includeInIndex = 0; path = Debuko.app; sourceTree = BUILT_PRODUCTS_DIR; };
		3E51E9971A9EFD4800B483ED /* Info.plist */ = {isa = PBXFileReference; lastKnownFileType = text.plist.xml; path = Info.plist; sourceTree = "<group>"; };
		3E51E9981A9EFD4800B483ED /* AppDelegate.swift */ = {isa = PBXFileReference; lastKnownFileType = sourcecode.swift; path = AppDelegate.swift; sourceTree = "<group>"; };
		3E51E99A1A9EFD4800B483ED /* ViewController.swift */ = {isa = PBXFileReference; lastKnownFileType = sourcecode.swift; path = ViewController.swift; sourceTree = "<group>"; };
		3E51E99D1A9EFD4800B483ED /* Base */ = {isa = PBXFileReference; lastKnownFileType = file.storyboard; name = Base; path = Base.lproj/Main.storyboard; sourceTree = "<group>"; };
		3E51E99F1A9EFD4800B483ED /* Images.xcassets */ = {isa = PBXFileReference; lastKnownFileType = folder.assetcatalog; path = Images.xcassets; sourceTree = "<group>"; };
		3E51E9A21A9EFD4800B483ED /* Base */ = {isa = PBXFileReference; lastKnownFileType = file.xib; name = Base; path = Base.lproj/LaunchScreen.xib; sourceTree = "<group>"; };
		3E51E9A81A9EFD4800B483ED /* DebukoTests.xctest */ = {isa = PBXFileReference; explicitFileType = wrapper.cfbundle; includeInIndex = 0; path = DebukoTests.xctest; sourceTree = BUILT_PRODUCTS_DIR; };
		3E51E9AD1A9EFD4800B483ED /* Info.plist */ = {isa = PBXFileReference; lastKnownFileType = text.plist.xml; path = Info.plist; sourceTree = "<group>"; };
		3E51E9AE1A9EFD4800B483ED /* DebukoTests.swift */ = {isa = PBXFileReference; lastKnownFileType = sourcecode.swift; path = DebukoTests.swift; sourceTree = "<group>"; };
		3E51E9B91A9EFDD100B483ED /* ame.png */ = {isa = PBXFileReference; lastKnownFileType = image.png; path = ame.png; sourceTree = "<group>"; };
		3E51E9BA1A9EFDD100B483ED /* bt1.png */ = {isa = PBXFileReference; lastKnownFileType = image.png; path = bt1.png; sourceTree = "<group>"; };
		3E51E9BB1A9EFDD100B483ED /* bt2.png */ = {isa = PBXFileReference; lastKnownFileType = image.png; path = bt2.png; sourceTree = "<group>"; };
		3E51E9BC1A9EFDD100B483ED /* bt4.png */ = {isa = PBXFileReference; lastKnownFileType = image.png; path = bt4.png; sourceTree = "<group>"; };
		3E51E9BD1A9EFDD100B483ED /* bt5.png */ = {isa = PBXFileReference; lastKnownFileType = image.png; path = bt5.png; sourceTree = "<group>"; };
		3E51E9BE1A9EFDD100B483ED /* bt6.png */ = {isa = PBXFileReference; lastKnownFileType = image.png; path = bt6.png; sourceTree = "<group>"; };
		3E51E9BF1A9EFDD100B483ED /* cake.png */ = {isa = PBXFileReference; lastKnownFileType = image.png; path = cake.png; sourceTree = "<group>"; };
		3E51E9C01A9EFDD100B483ED /* choko.png */ = {isa = PBXFileReference; lastKnownFileType = image.png; path = choko.png; sourceTree = "<group>"; };
		3E51E9C11A9EFDD100B483ED /* COOKIES.png */ = {isa = PBXFileReference; lastKnownFileType = image.png; path = COOKIES.png; sourceTree = "<group>"; };
		3E51E9C21A9EFDD100B483ED /* diet-sozai.png */ = {isa = PBXFileReference; lastKnownFileType = image.png; path = "diet-sozai.png"; sourceTree = "<group>"; };
		3E51E9C31A9EFDD100B483ED /* fukidashi.png */ = {isa = PBXFileReference; lastKnownFileType = image.png; path = fukidashi.png; sourceTree = "<group>"; };
		3E51E9C41A9EFDD100B483ED /* furape.png */ = {isa = PBXFileReference; lastKnownFileType = image.png; path = furape.png; sourceTree = "<group>"; };
		3E51E9C51A9EFDD100B483ED /* kotatu.png */ = {isa = PBXFileReference; lastKnownFileType = image.png; path = kotatu.png; sourceTree = "<group>"; };
		3E51E9C61A9EFDD100B483ED /* logo.png */ = {isa = PBXFileReference; lastKnownFileType = image.png; path = logo.png; sourceTree = "<group>"; };
		3E51E9C71A9EFDD100B483ED /* moji.me.png */ = {isa = PBXFileReference; lastKnownFileType = image.png; path = moji.me.png; sourceTree = "<group>"; };
		3E51E9C81A9EFDD100B483ED /* mojimoji.png */ = {isa = PBXFileReference; lastKnownFileType = image.png; path = mojimoji.png; sourceTree = "<group>"; };
		3E51E9C91A9EFDD100B483ED /* mokomoko.png */ = {isa = PBXFileReference; lastKnownFileType = image.png; path = mokomoko.png; sourceTree = "<group>"; };
		3E51E9CA1A9EFDD100B483ED /* mokuhyou.png */ = {isa = PBXFileReference; lastKnownFileType = image.png; path = mokuhyou.png; sourceTree = "<group>"; };
		3E51E9CB1A9EFDD100B483ED /* poteti.png */ = {isa = PBXFileReference; lastKnownFileType = image.png; path = poteti.png; sourceTree = "<group>"; };
		3E51E9CC1A9EFDD100B483ED /* prin.ong.png */ = {isa = PBXFileReference; lastKnownFileType = image.png; path = prin.ong.png; sourceTree = "<group>"; };
		3E51E9CD1A9EFDD100B483ED /* shintyo.png */ = {isa = PBXFileReference; lastKnownFileType = image.png; path = shintyo.png; sourceTree = "<group>"; };
		3E51E9CE1A9EFDD100B483ED /* smiledebuko.png */ = {isa = PBXFileReference; lastKnownFileType = image.png; path = smiledebuko.png; sourceTree = "<group>"; };
		3E51E9CF1A9EFDD100B483ED /* start.png */ = {isa = PBXFileReference; lastKnownFileType = image.png; path = start.png; sourceTree = "<group>"; };
		3E51E9D01A9EFDD100B483ED /* taizyuu.png */ = {isa = PBXFileReference; lastKnownFileType = image.png; path = taizyuu.png; sourceTree = "<group>"; };
		3E51E9E91A9EFDDD00B483ED /* tokei */ = {isa = PBXFileReference; lastKnownFileType = file; path = tokei; sourceTree = "<group>"; };
		3E51E9EA1A9EFDDD00B483ED /* undo */ = {isa = PBXFileReference; lastKnownFileType = file; path = undo; sourceTree = "<group>"; };
		3E51E9EB1A9EFDDD00B483ED /* yokudekimasshita.png */ = {isa = PBXFileReference; lastKnownFileType = image.png; path = yokudekimasshita.png; sourceTree = "<group>"; };
		3E51E9EF1A9EFDE500B483ED /* bt3.png */ = {isa = PBXFileReference; lastKnownFileType = image.png; path = bt3.png; sourceTree = "<group>"; };
		3E51E9F01A9EFDE500B483ED /* bt7.png */ = {isa = PBXFileReference; lastKnownFileType = image.png; path = bt7.png; sourceTree = "<group>"; };
		3E51E9F11A9EFDE500B483ED /* debuko.png */ = {isa = PBXFileReference; lastKnownFileType = image.png; path = debuko.png; sourceTree = "<group>"; };
		3E51E9F21A9EFDE500B483ED /* imadebu.png */ = {isa = PBXFileReference; lastKnownFileType = image.png; path = imadebu.png; sourceTree = "<group>"; };
		3E51E9F31A9EFDE500B483ED /* moji.png */ = {isa = PBXFileReference; lastKnownFileType = image.png; path = moji.png; sourceTree = "<group>"; };
		3E51E9F41A9EFDE500B483ED /* okashis.png */ = {isa = PBXFileReference; lastKnownFileType = image.png; path = okashis.png; sourceTree = "<group>"; };
		3E51E9F51A9EFDE500B483ED /* shokisettei.png */ = {isa = PBXFileReference; lastKnownFileType = image.png; path = shokisettei.png; sourceTree = "<group>"; };
		3E51E9FD1A9EFE1D00B483ED /* CountViewController.swift */ = {isa = PBXFileReference; fileEncoding = 4; lastKnownFileType = sourcecode.swift; path = CountViewController.swift; sourceTree = "<group>"; };
		3E51E9FE1A9EFE1D00B483ED /* NextViewController.swift */ = {isa = PBXFileReference; fileEncoding = 4; lastKnownFileType = sourcecode.swift; path = NextViewController.swift; sourceTree = "<group>"; };
		3E51EA011AA051F000B483ED /* FirstViewController.swift */ = {isa = PBXFileReference; fileEncoding = 4; lastKnownFileType = sourcecode.swift; path = FirstViewController.swift; sourceTree = "<group>"; };
		3E59418A1AA1859500D41FAA /* selectViewController.swift */ = {isa = PBXFileReference; fileEncoding = 4; lastKnownFileType = sourcecode.swift; path = selectViewController.swift; sourceTree = "<group>"; };
		3E59418C1AA18C9300D41FAA /* todayViewController.swift */ = {isa = PBXFileReference; fileEncoding = 4; lastKnownFileType = sourcecode.swift; path = todayViewController.swift; sourceTree = "<group>"; };
		3E59418E1AA1A17C00D41FAA /* todayViewController2.swift */ = {isa = PBXFileReference; fileEncoding = 4; lastKnownFileType = sourcecode.swift; path = todayViewController2.swift; sourceTree = "<group>"; };
/* End PBXFileReference section */

/* Begin PBXFrameworksBuildPhase section */
		3E51E9901A9EFD4800B483ED /* Frameworks */ = {
			isa = PBXFrameworksBuildPhase;
			buildActionMask = 2147483647;
			files = (
			);
			runOnlyForDeploymentPostprocessing = 0;
		};
		3E51E9A51A9EFD4800B483ED /* Frameworks */ = {
			isa = PBXFrameworksBuildPhase;
			buildActionMask = 2147483647;
			files = (
			);
			runOnlyForDeploymentPostprocessing = 0;
		};
/* End PBXFrameworksBuildPhase section */

/* Begin PBXGroup section */
		3E51E98A1A9EFD4800B483ED = {
			isa = PBXGroup;
			children = (
				3E51E9951A9EFD4800B483ED /* Debuko */,
				3E51E9AB1A9EFD4800B483ED /* DebukoTests */,
				3E51E9941A9EFD4800B483ED /* Products */,
			);
			sourceTree = "<group>";
		};
		3E51E9941A9EFD4800B483ED /* Products */ = {
			isa = PBXGroup;
			children = (
				3E51E9931A9EFD4800B483ED /* Debuko.app */,
				3E51E9A81A9EFD4800B483ED /* DebukoTests.xctest */,
			);
			name = Products;
			sourceTree = "<group>";
		};
		3E51E9951A9EFD4800B483ED /* Debuko */ = {
			isa = PBXGroup;
			children = (
				3E51E9B81A9EFDC700B483ED /* image */,
				3E51E9981A9EFD4800B483ED /* AppDelegate.swift */,
				3E51EA011AA051F000B483ED /* FirstViewController.swift */,
				3E51E99A1A9EFD4800B483ED /* ViewController.swift */,
				3E59418A1AA1859500D41FAA /* selectViewController.swift */,
				3E59418C1AA18C9300D41FAA /* todayViewController.swift */,
				3E59418E1AA1A17C00D41FAA /* todayViewController2.swift */,
				3E51E9FD1A9EFE1D00B483ED /* CountViewController.swift */,
				3E51E9FE1A9EFE1D00B483ED /* NextViewController.swift */,
				3E51E99C1A9EFD4800B483ED /* Main.storyboard */,
				3E51E9A11A9EFD4800B483ED /* LaunchScreen.xib */,
				3E51E99F1A9EFD4800B483ED /* Images.xcassets */,
				3E51E9961A9EFD4800B483ED /* Supporting Files */,
			);
			path = Debuko;
			sourceTree = "<group>";
		};
		3E51E9961A9EFD4800B483ED /* Supporting Files */ = {
			isa = PBXGroup;
			children = (
				3E51E9971A9EFD4800B483ED /* Info.plist */,
			);
			name = "Supporting Files";
			sourceTree = "<group>";
		};
		3E51E9AB1A9EFD4800B483ED /* DebukoTests */ = {
			isa = PBXGroup;
			children = (
				3E51E9AE1A9EFD4800B483ED /* DebukoTests.swift */,
				3E51E9AC1A9EFD4800B483ED /* Supporting Files */,
			);
			path = DebukoTests;
			sourceTree = "<group>";
		};
		3E51E9AC1A9EFD4800B483ED /* Supporting Files */ = {
			isa = PBXGroup;
			children = (
				3E51E9AD1A9EFD4800B483ED /* Info.plist */,
			);
			name = "Supporting Files";
			sourceTree = "<group>";
		};
		3E51E9B81A9EFDC700B483ED /* image */ = {
			isa = PBXGroup;
			children = (
				3E51E9EF1A9EFDE500B483ED /* bt3.png */,
				3E51E9F01A9EFDE500B483ED /* bt7.png */,
				3E51E9F11A9EFDE500B483ED /* debuko.png */,
				3E51E9F21A9EFDE500B483ED /* imadebu.png */,
				3E51E9F31A9EFDE500B483ED /* moji.png */,
				3E51E9F41A9EFDE500B483ED /* okashis.png */,
				3E51E9F51A9EFDE500B483ED /* shokisettei.png */,
				3E51E9B91A9EFDD100B483ED /* ame.png */,
				3E51E9E91A9EFDDD00B483ED /* tokei */,
				3E51E9EA1A9EFDDD00B483ED /* undo */,
				3E51E9EB1A9EFDDD00B483ED /* yokudekimasshita.png */,
				3E51E9BA1A9EFDD100B483ED /* bt1.png */,
				3E51E9BB1A9EFDD100B483ED /* bt2.png */,
				3E51E9BC1A9EFDD100B483ED /* bt4.png */,
				3E51E9BD1A9EFDD100B483ED /* bt5.png */,
				3E51E9BE1A9EFDD100B483ED /* bt6.png */,
				3E51E9BF1A9EFDD100B483ED /* cake.png */,
				3E51E9C01A9EFDD100B483ED /* choko.png */,
				3E51E9C11A9EFDD100B483ED /* COOKIES.png */,
				3E51E9C21A9EFDD100B483ED /* diet-sozai.png */,
				3E51E9C31A9EFDD100B483ED /* fukidashi.png */,
				3E51E9C41A9EFDD100B483ED /* furape.png */,
				3E51E9C51A9EFDD100B483ED /* kotatu.png */,
				3E51E9C61A9EFDD100B483ED /* logo.png */,
				3E51E9C71A9EFDD100B483ED /* moji.me.png */,
				3E51E9C81A9EFDD100B483ED /* mojimoji.png */,
				3E51E9C91A9EFDD100B483ED /* mokomoko.png */,
				3E51E9CA1A9EFDD100B483ED /* mokuhyou.png */,
				3E51E9CB1A9EFDD100B483ED /* poteti.png */,
				3E51E9CC1A9EFDD100B483ED /* prin.ong.png */,
				3E51E9CD1A9EFDD100B483ED /* shintyo.png */,
				3E51E9CE1A9EFDD100B483ED /* smiledebuko.png */,
				3E51E9CF1A9EFDD100B483ED /* start.png */,
				3E51E9D01A9EFDD100B483ED /* taizyuu.png */,
			);
			name = image;
			sourceTree = "<group>";
		};
/* End PBXGroup section */

/* Begin PBXNativeTarget section */
		3E51E9921A9EFD4800B483ED /* Debuko */ = {
			isa = PBXNativeTarget;
			buildConfigurationList = 3E51E9B21A9EFD4800B483ED /* Build configuration list for PBXNativeTarget "Debuko" */;
			buildPhases = (
				3E51E98F1A9EFD4800B483ED /* Sources */,
				3E51E9901A9EFD4800B483ED /* Frameworks */,
				3E51E9911A9EFD4800B483ED /* Resources */,
			);
			buildRules = (
			);
			dependencies = (
			);
			name = Debuko;
			productName = Debuko;
			productReference = 3E51E9931A9EFD4800B483ED /* Debuko.app */;
			productType = "com.apple.product-type.application";
		};
		3E51E9A71A9EFD4800B483ED /* DebukoTests */ = {
			isa = PBXNativeTarget;
			buildConfigurationList = 3E51E9B51A9EFD4800B483ED /* Build configuration list for PBXNativeTarget "DebukoTests" */;
			buildPhases = (
				3E51E9A41A9EFD4800B483ED /* Sources */,
				3E51E9A51A9EFD4800B483ED /* Frameworks */,
				3E51E9A61A9EFD4800B483ED /* Resources */,
			);
			buildRules = (
			);
			dependencies = (
				3E51E9AA1A9EFD4800B483ED /* PBXTargetDependency */,
			);
			name = DebukoTests;
			productName = DebukoTests;
			productReference = 3E51E9A81A9EFD4800B483ED /* DebukoTests.xctest */;
			productType = "com.apple.product-type.bundle.unit-test";
		};
/* End PBXNativeTarget section */

/* Begin PBXProject section */
		3E51E98B1A9EFD4800B483ED /* Project object */ = {
			isa = PBXProject;
			attributes = {
				LastUpgradeCheck = 0610;
				ORGANIZATIONNAME = "KINARI NISHIYAMA";
				TargetAttributes = {
					3E51E9921A9EFD4800B483ED = {
						CreatedOnToolsVersion = 6.1.1;
					};
					3E51E9A71A9EFD4800B483ED = {
						CreatedOnToolsVersion = 6.1.1;
						TestTargetID = 3E51E9921A9EFD4800B483ED;
					};
				};
			};
			buildConfigurationList = 3E51E98E1A9EFD4800B483ED /* Build configuration list for PBXProject "Debuko" */;
			compatibilityVersion = "Xcode 3.2";
			developmentRegion = English;
			hasScannedForEncodings = 0;
			knownRegions = (
				en,
				Base,
			);
			mainGroup = 3E51E98A1A9EFD4800B483ED;
			productRefGroup = 3E51E9941A9EFD4800B483ED /* Products */;
			projectDirPath = "";
			projectRoot = "";
			targets = (
				3E51E9921A9EFD4800B483ED /* Debuko */,
				3E51E9A71A9EFD4800B483ED /* DebukoTests */,
			);
		};
/* End PBXProject section */

/* Begin PBXResourcesBuildPhase section */
		3E51E9911A9EFD4800B483ED /* Resources */ = {
			isa = PBXResourcesBuildPhase;
			buildActionMask = 2147483647;
			files = (
				3E51E9D31A9EFDD100B483ED /* bt2.png in Resources */,
				3E51E9FA1A9EFDE500B483ED /* moji.png in Resources */,
				3E51E9EC1A9EFDDD00B483ED /* tokei in Resources */,
				3E51E9DA1A9EFDD100B483ED /* diet-sozai.png in Resources */,
				3E51E9FB1A9EFDE500B483ED /* okashis.png in Resources */,
				3E51E9D71A9EFDD100B483ED /* cake.png in Resources */,
				3E51E9E81A9EFDD100B483ED /* taizyuu.png in Resources */,
				3E51E9E11A9EFDD100B483ED /* mokomoko.png in Resources */,
				3E51E9F81A9EFDE500B483ED /* debuko.png in Resources */,
				3E51E9E51A9EFDD100B483ED /* shintyo.png in Resources */,
				3E51E9F71A9EFDE500B483ED /* bt7.png in Resources */,
				3E51E99E1A9EFD4800B483ED /* Main.storyboard in Resources */,
				3E51E9E61A9EFDD100B483ED /* smiledebuko.png in Resources */,
				3E51E9DB1A9EFDD100B483ED /* fukidashi.png in Resources */,
				3E51E9DE1A9EFDD100B483ED /* logo.png in Resources */,
				3E51E9DD1A9EFDD100B483ED /* kotatu.png in Resources */,
				3E51E9DF1A9EFDD100B483ED /* moji.me.png in Resources */,
				3E51E9DC1A9EFDD100B483ED /* furape.png in Resources */,
				3E51E9E71A9EFDD100B483ED /* start.png in Resources */,
				3E51E9D11A9EFDD100B483ED /* ame.png in Resources */,
				3E51E9ED1A9EFDDD00B483ED /* undo in Resources */,
				3E51E9A31A9EFD4800B483ED /* LaunchScreen.xib in Resources */,
				3E51E9E01A9EFDD100B483ED /* mojimoji.png in Resources */,
				3E51E9D21A9EFDD100B483ED /* bt1.png in Resources */,
				3E51E9FC1A9EFDE500B483ED /* shokisettei.png in Resources */,
				3E51E9D51A9EFDD100B483ED /* bt5.png in Resources */,
				3E51E9D61A9EFDD100B483ED /* bt6.png in Resources */,
				3E51E9E41A9EFDD100B483ED /* prin.ong.png in Resources */,
				3E51E9A01A9EFD4800B483ED /* Images.xcassets in Resources */,
				3E51E9E21A9EFDD100B483ED /* mokuhyou.png in Resources */,
				3E51E9F91A9EFDE500B483ED /* imadebu.png in Resources */,
				3E51E9E31A9EFDD100B483ED /* poteti.png in Resources */,
				3E51E9D81A9EFDD100B483ED /* choko.png in Resources */,
				3E51E9D41A9EFDD100B483ED /* bt4.png in Resources */,
				3E51E9EE1A9EFDDD00B483ED /* yokudekimasshita.png in Resources */,
				3E51E9D91A9EFDD100B483ED /* COOKIES.png in Resources */,
				3E51E9F61A9EFDE500B483ED /* bt3.png in Resources */,
			);
			runOnlyForDeploymentPostprocessing = 0;
		};
		3E51E9A61A9EFD4800B483ED /* Resources */ = {
			isa = PBXResourcesBuildPhase;
			buildActionMask = 2147483647;
			files = (
			);
			runOnlyForDeploymentPostprocessing = 0;
		};
/* End PBXResourcesBuildPhase section */

/* Begin PBXSourcesBuildPhase section */
		3E51E98F1A9EFD4800B483ED /* Sources */ = {
			isa = PBXSourcesBuildPhase;
			buildActionMask = 2147483647;
			files = (
				3E51EA021AA051F000B483ED /* FirstViewController.swift in Sources */,
				3E59418D1AA18C9300D41FAA /* todayViewController.swift in Sources */,
				3E51E9FF1A9EFE1D00B483ED /* CountViewController.swift in Sources */,
				3E59418B1AA1859500D41FAA /* selectViewController.swift in Sources */,
				3E51EA001A9EFE1D00B483ED /* NextViewController.swift in Sources */,
				3E51E99B1A9EFD4800B483ED /* ViewController.swift in Sources */,
				3E51E9991A9EFD4800B483ED /* AppDelegate.swift in Sources */,
				3E59418F1AA1A17C00D41FAA /* todayViewController2.swift in Sources */,
			);
			runOnlyForDeploymentPostprocessing = 0;
		};
		3E51E9A41A9EFD4800B483ED /* Sources */ = {
			isa = PBXSourcesBuildPhase;
			buildActionMask = 2147483647;
			files = (
				3E51E9AF1A9EFD4800B483ED /* DebukoTests.swift in Sources */,
			);
			runOnlyForDeploymentPostprocessing = 0;
		};
/* End PBXSourcesBuildPhase section */

/* Begin PBXTargetDependency section */
		3E51E9AA1A9EFD4800B483ED /* PBXTargetDependency */ = {
			isa = PBXTargetDependency;
			target = 3E51E9921A9EFD4800B483ED /* Debuko */;
			targetProxy = 3E51E9A91A9EFD4800B483ED /* PBXContainerItemProxy */;
		};
/* End PBXTargetDependency section */

/* Begin PBXVariantGroup section */
		3E51E99C1A9EFD4800B483ED /* Main.storyboard */ = {
			isa = PBXVariantGroup;
			children = (
				3E51E99D1A9EFD4800B483ED /* Base */,
			);
			name = Main.storyboard;
			sourceTree = "<group>";
		};
		3E51E9A11A9EFD4800B483ED /* LaunchScreen.xib */ = {
			isa = PBXVariantGroup;
			children = (
				3E51E9A21A9EFD4800B483ED /* Base */,
			);
			name = LaunchScreen.xib;
			sourceTree = "<group>";
		};
/* End PBXVariantGroup section */

/* Begin XCBuildConfiguration section */
		3E51E9B01A9EFD4800B483ED /* Debug */ = {
			isa = XCBuildConfiguration;
			buildSettings = {
				ALWAYS_SEARCH_USER_PATHS = NO;
				CLANG_CXX_LANGUAGE_STANDARD = "gnu++0x";
				CLANG_CXX_LIBRARY = "libc++";
				CLANG_ENABLE_MODULES = YES;
				CLANG_ENABLE_OBJC_ARC = YES;
				CLANG_WARN_BOOL_CONVERSION = YES;
				CLANG_WARN_CONSTANT_CONVERSION = YES;
				CLANG_WARN_DIRECT_OBJC_ISA_USAGE = YES_ERROR;
				CLANG_WARN_EMPTY_BODY = YES;
				CLANG_WARN_ENUM_CONVERSION = YES;
				CLANG_WARN_INT_CONVERSION = YES;
				CLANG_WARN_OBJC_ROOT_CLASS = YES_ERROR;
				CLANG_WARN_UNREACHABLE_CODE = YES;
				CLANG_WARN__DUPLICATE_METHOD_MATCH = YES;
				"CODE_SIGN_IDENTITY[sdk=iphoneos*]" = "iPhone Developer";
				COPY_PHASE_STRIP = NO;
				ENABLE_STRICT_OBJC_MSGSEND = YES;
				GCC_C_LANGUAGE_STANDARD = gnu99;
				GCC_DYNAMIC_NO_PIC = NO;
				GCC_OPTIMIZATION_LEVEL = 0;
				GCC_PREPROCESSOR_DEFINITIONS = (
					"DEBUG=1",
					"$(inherited)",
				);
				GCC_SYMBOLS_PRIVATE_EXTERN = NO;
				GCC_WARN_64_TO_32_BIT_CONVERSION = YES;
				GCC_WARN_ABOUT_RETURN_TYPE = YES_ERROR;
				GCC_WARN_UNDECLARED_SELECTOR = YES;
				GCC_WARN_UNINITIALIZED_AUTOS = YES_AGGRESSIVE;
				GCC_WARN_UNUSED_FUNCTION = YES;
				GCC_WARN_UNUSED_VARIABLE = YES;
				IPHONEOS_DEPLOYMENT_TARGET = 8.1;
				MTL_ENABLE_DEBUG_INFO = YES;
				ONLY_ACTIVE_ARCH = YES;
				SDKROOT = iphoneos;
				SWIFT_OPTIMIZATION_LEVEL = "-Onone";
			};
			name = Debug;
		};
		3E51E9B11A9EFD4800B483ED /* Release */ = {
			isa = XCBuildConfiguration;
			buildSettings = {
				ALWAYS_SEARCH_USER_PATHS = NO;
				CLANG_CXX_LANGUAGE_STANDARD = "gnu++0x";
				CLANG_CXX_LIBRARY = "libc++";
				CLANG_ENABLE_MODULES = YES;
				CLANG_ENABLE_OBJC_ARC = YES;
				CLANG_WARN_BOOL_CONVERSION = YES;
				CLANG_WARN_CONSTANT_CONVERSION = YES;
				CLANG_WARN_DIRECT_OBJC_ISA_USAGE = YES_ERROR;
				CLANG_WARN_EMPTY_BODY = YES;
				CLANG_WARN_ENUM_CONVERSION = YES;
				CLANG_WARN_INT_CONVERSION = YES;
				CLANG_WARN_OBJC_ROOT_CLASS = YES_ERROR;
				CLANG_WARN_UNREACHABLE_CODE = YES;
				CLANG_WARN__DUPLICATE_METHOD_MATCH = YES;
				"CODE_SIGN_IDENTITY[sdk=iphoneos*]" = "iPhone Developer";
				COPY_PHASE_STRIP = YES;
				ENABLE_NS_ASSERTIONS = NO;
				ENABLE_STRICT_OBJC_MSGSEND = YES;
				GCC_C_LANGUAGE_STANDARD = gnu99;
				GCC_WARN_64_TO_32_BIT_CONVERSION = YES;
				GCC_WARN_ABOUT_RETURN_TYPE = YES_ERROR;
				GCC_WARN_UNDECLARED_SELECTOR = YES;
				GCC_WARN_UNINITIALIZED_AUTOS = YES_AGGRESSIVE;
				GCC_WARN_UNUSED_FUNCTION = YES;
				GCC_WARN_UNUSED_VARIABLE = YES;
				IPHONEOS_DEPLOYMENT_TARGET = 8.1;
				MTL_ENABLE_DEBUG_INFO = NO;
				SDKROOT = iphoneos;
				VALIDATE_PRODUCT = YES;
			};
			name = Release;
		};
		3E51E9B31A9EFD4800B483ED /* Debug */ = {
			isa = XCBuildConfiguration;
			buildSettings = {
				ASSETCATALOG_COMPILER_APPICON_NAME = AppIcon;
				INFOPLIST_FILE = Debuko/Info.plist;
				LD_RUNPATH_SEARCH_PATHS = "$(inherited) @executable_path/Frameworks";
				PRODUCT_NAME = "$(TARGET_NAME)";
			};
			name = Debug;
		};
		3E51E9B41A9EFD4800B483ED /* Release */ = {
			isa = XCBuildConfiguration;
			buildSettings = {
				ASSETCATALOG_COMPILER_APPICON_NAME = AppIcon;
				INFOPLIST_FILE = Debuko/Info.plist;
				LD_RUNPATH_SEARCH_PATHS = "$(inherited) @executable_path/Frameworks";
				PRODUCT_NAME = "$(TARGET_NAME)";
			};
			name = Release;
		};
		3E51E9B61A9EFD4800B483ED /* Debug */ = {
			isa = XCBuildConfiguration;
			buildSettings = {
				BUNDLE_LOADER = "$(TEST_HOST)";
				FRAMEWORK_SEARCH_PATHS = (
					"$(SDKROOT)/Developer/Library/Frameworks",
					"$(inherited)",
				);
				GCC_PREPROCESSOR_DEFINITIONS = (
					"DEBUG=1",
					"$(inherited)",
				);
				INFOPLIST_FILE = DebukoTests/Info.plist;
				LD_RUNPATH_SEARCH_PATHS = "$(inherited) @executable_path/Frameworks @loader_path/Frameworks";
				PRODUCT_NAME = "$(TARGET_NAME)";
				TEST_HOST = "$(BUILT_PRODUCTS_DIR)/Debuko.app/Debuko";
			};
			name = Debug;
		};
		3E51E9B71A9EFD4800B483ED /* Release */ = {
			isa = XCBuildConfiguration;
			buildSettings = {
				BUNDLE_LOADER = "$(TEST_HOST)";
				FRAMEWORK_SEARCH_PATHS = (
					"$(SDKROOT)/Developer/Library/Frameworks",
					"$(inherited)",
				);
				INFOPLIST_FILE = DebukoTests/Info.plist;
				LD_RUNPATH_SEARCH_PATHS = "$(inherited) @executable_path/Frameworks @loader_path/Frameworks";
				PRODUCT_NAME = "$(TARGET_NAME)";
				TEST_HOST = "$(BUILT_PRODUCTS_DIR)/Debuko.app/Debuko";
			};
			name = Release;
		};
/* End XCBuildConfiguration section */

/* Begin XCConfigurationList section */
		3E51E98E1A9EFD4800B483ED /* Build configuration list for PBXProject "Debuko" */ = {
			isa = XCConfigurationList;
			buildConfigurations = (
				3E51E9B01A9EFD4800B483ED /* Debug */,
				3E51E9B11A9EFD4800B483ED /* Release */,
			);
			defaultConfigurationIsVisible = 0;
			defaultConfigurationName = Release;
		};
		3E51E9B21A9EFD4800B483ED /* Build configuration list for PBXNativeTarget "Debuko" */ = {
			isa = XCConfigurationList;
			buildConfigurations = (
				3E51E9B31A9EFD4800B483ED /* Debug */,
				3E51E9B41A9EFD4800B483ED /* Release */,
			);
			defaultConfigurationIsVisible = 0;
			defaultConfigurationName = Release;
		};
		3E51E9B51A9EFD4800B483ED /* Build configuration list for PBXNativeTarget "DebukoTests" */ = {
			isa = XCConfigurationList;
			buildConfigurations = (
				3E51E9B61A9EFD4800B483ED /* Debug */,
				3E51E9B71A9EFD4800B483ED /* Release */,
			);
			defaultConfigurationIsVisible = 0;
			defaultConfigurationName = Release;
		};
/* End XCConfigurationList section */
	};
	rootObject = 3E51E98B1A9EFD4800B483ED /* Project object */;
}
